
Microsoft Visual Studio Solution File, Format Version 12.00
# Visual Studio Version 17
VisualStudioVersion = 17.1.32407.343
MinimumVisualStudioVersion = 10.0.40219.1
Project("{9A19103F-16F7-4668-BE54-9A1E7A4F7556}") = "Discus.SDK.Core", "Discus.SDK.Core\Discus.SDK.Core.csproj", "{5CB94BBF-6521-4E02-8C8B-E6CD67A1E223}"
EndProject
Project("{2150E333-8FDC-42A3-9474-1A3956D46DE8}") = "Shared", "Shared", "{F3DB00A8-0120-4A42-B6DE-9566B2DDA9F3}"
EndProject
Project("{9A19103F-16F7-4668-BE54-9A1E7A4F7556}") = "Discus.Shared.WebApi", "Discus.Shared.Webapi\Discus.Shared.WebApi.csproj", "{F0819DB5-3923-4C5C-B69E-B4E23812D407}"
EndProject
Project("{9A19103F-16F7-4668-BE54-9A1E7A4F7556}") = "Discus.Shared.Application.Contracts", "Discus.Shared.Application.Contracts\Discus.Shared.Application.Contracts.csproj", "{7E99F2DE-E2FE-4E6B-9442-37FAD49D137B}"
EndProject
Project("{2150E333-8FDC-42A3-9474-1A3956D46DE8}") = "Discus.SDK", "Discus.SDK", "{2143D3A0-2E79-482E-80D2-B046F6BA43FC}"
EndProject
Project("{9A19103F-16F7-4668-BE54-9A1E7A4F7556}") = "Discus.Shared.Application", "Discus.Shared.Application\Discus.Shared.Application.csproj", "{CC4926FF-496A-4178-8036-621905E8AF3A}"
EndProject
Project("{9A19103F-16F7-4668-BE54-9A1E7A4F7556}") = "Discus.Shared.Repository", "Discus.Shared.Repository\Discus.Shared.Repository.csproj", "{0EF5A0DF-1077-49D6-A497-7F5ADB017E08}"
EndProject
Project("{9A19103F-16F7-4668-BE54-9A1E7A4F7556}") = "Discus.Shared", "Discus.Shared\Discus.Shared.csproj", "{3EC16F0A-3504-4F8A-9F8F-09F7BC4B67E6}"
EndProject
Project("{9A19103F-16F7-4668-BE54-9A1E7A4F7556}") = "Discus.SDK.Consul", "Discus.SDK.Consul\Discus.SDK.Consul.csproj", "{88F1D359-0F41-4313-8429-D44834E4DE0F}"
EndProject
Project("{9A19103F-16F7-4668-BE54-9A1E7A4F7556}") = "Discus.SDK.Redis", "Discus.SDK.Redis\Discus.SDK.Redis.csproj", "{7CB1FDE2-365A-4902-A855-E87E3315C7DF}"
EndProject
Project("{9A19103F-16F7-4668-BE54-9A1E7A4F7556}") = "Discus.SDK.IdGenerater", "Discus.SDK.IdGenerater\Discus.SDK.IdGenerater.csproj", "{CF9AF31C-1232-439B-971B-BBC68458018D}"
EndProject
Project("{9A19103F-16F7-4668-BE54-9A1E7A4F7556}") = "Discus.SDK.Tools", "Discus.SDK.Tools\Discus.SDK.Tools.csproj", "{8BA22307-15A7-4ED7-847E-22AA292AF6D6}"
EndProject
Project("{9A19103F-16F7-4668-BE54-9A1E7A4F7556}") = "Discus.SDK.File", "Discus.SDK.File\Discus.SDK.File.csproj", "{24843441-4464-44D1-B355-34A9E9D2DE5E}"
EndProject
Project("{9A19103F-16F7-4668-BE54-9A1E7A4F7556}") = "Discus.SDK.RabbitMQ", "Discus.SDK.RabbitMQ\Discus.SDK.RabbitMQ.csproj", "{025F1139-3BBD-4F9A-B26A-62B4017CB01D}"
EndProject
Project("{2150E333-8FDC-42A3-9474-1A3956D46DE8}") = "Gateway", "Gateway", "{C4793F76-BF37-4032-B0DC-9886651D5798}"
EndProject
Project("{9A19103F-16F7-4668-BE54-9A1E7A4F7556}") = "Discus.Gateway.Ocelot", "Discus.Gateway.Ocelot\Discus.Gateway.Ocelot.csproj", "{80F51BA0-4D38-41E7-9E4F-F58FFC3217EB}"
EndProject
Project("{2150E333-8FDC-42A3-9474-1A3956D46DE8}") = "User", "User", "{148187ED-F3C7-43EF-BA73-2A335EFBFD21}"
EndProject
Project("{9A19103F-16F7-4668-BE54-9A1E7A4F7556}") = "Discus.User.WebApi", "Discus.User.WebApi\Discus.User.WebApi.csproj", "{3B8A87FA-FDE3-4813-B936-7957A7BE3781}"
EndProject
Project("{9A19103F-16F7-4668-BE54-9A1E7A4F7556}") = "Discus.User.Application", "Discus.User.Application\Discus.User.Application.csproj", "{D36FE885-FFD3-46C8-AFB0-5C1392591870}"
EndProject
Project("{9A19103F-16F7-4668-BE54-9A1E7A4F7556}") = "Discus.User.Application.Contracts", "Discus.User.Application.Contracts\Discus.User.Application.Contracts.csproj", "{B83E40BB-5E1F-4827-B7EE-58280917A035}"
EndProject
Project("{9A19103F-16F7-4668-BE54-9A1E7A4F7556}") = "Discus.User.Repository", "Discus.User.Repository\Discus.User.Repository.csproj", "{5AA1F9AF-B958-410A-83FD-F929E65B799A}"
EndProject
Project("{9A19103F-16F7-4668-BE54-9A1E7A4F7556}") = "Discus.SDK.Repository.SqlSugar", "Discus.SDK.Repository.SqlSuger\Discus.SDK.Repository.SqlSugar.csproj", "{FAE5B400-4B5C-4AC5-B33C-EA9CEAA99A98}"
EndProject
Project("{9A19103F-16F7-4668-BE54-9A1E7A4F7556}") = "Discus.SDK.Sqlite", "Discus.SDK.Sqlite\Discus.SDK.Sqlite.csproj", "{9EACAAA9-A3B2-486C-A01E-CC2EE3EF7A72}"
EndProject
Project("{FAE04EC0-301F-11D3-BF4B-00C04F79EFBC}") = "Discus.SDK.MongoDB", "Discus.SDK.MongoDB\Discus.SDK.MongoDB.csproj", "{2F0ECD95-461A-450B-B64C-9AAEBBAE2A42}"
EndProject
Global
	GlobalSection(SolutionConfigurationPlatforms) = preSolution
		Debug|Any CPU = Debug|Any CPU
		Release|Any CPU = Release|Any CPU
	EndGlobalSection
	GlobalSection(ProjectConfigurationPlatforms) = postSolution
		{5CB94BBF-6521-4E02-8C8B-E6CD67A1E223}.Debug|Any CPU.ActiveCfg = Debug|Any CPU
		{5CB94BBF-6521-4E02-8C8B-E6CD67A1E223}.Debug|Any CPU.Build.0 = Debug|Any CPU
		{5CB94BBF-6521-4E02-8C8B-E6CD67A1E223}.Release|Any CPU.ActiveCfg = Release|Any CPU
		{5CB94BBF-6521-4E02-8C8B-E6CD67A1E223}.Release|Any CPU.Build.0 = Release|Any CPU
		{F0819DB5-3923-4C5C-B69E-B4E23812D407}.Debug|Any CPU.ActiveCfg = Debug|Any CPU
		{F0819DB5-3923-4C5C-B69E-B4E23812D407}.Debug|Any CPU.Build.0 = Debug|Any CPU
		{F0819DB5-3923-4C5C-B69E-B4E23812D407}.Release|Any CPU.ActiveCfg = Release|Any CPU
		{F0819DB5-3923-4C5C-B69E-B4E23812D407}.Release|Any CPU.Build.0 = Release|Any CPU
		{7E99F2DE-E2FE-4E6B-9442-37FAD49D137B}.Debug|Any CPU.ActiveCfg = Debug|Any CPU
		{7E99F2DE-E2FE-4E6B-9442-37FAD49D137B}.Debug|Any CPU.Build.0 = Debug|Any CPU
		{7E99F2DE-E2FE-4E6B-9442-37FAD49D137B}.Release|Any CPU.ActiveCfg = Release|Any CPU
		{7E99F2DE-E2FE-4E6B-9442-37FAD49D137B}.Release|Any CPU.Build.0 = Release|Any CPU
		{CC4926FF-496A-4178-8036-621905E8AF3A}.Debug|Any CPU.ActiveCfg = Debug|Any CPU
		{CC4926FF-496A-4178-8036-621905E8AF3A}.Debug|Any CPU.Build.0 = Debug|Any CPU
		{CC4926FF-496A-4178-8036-621905E8AF3A}.Release|Any CPU.ActiveCfg = Release|Any CPU
		{CC4926FF-496A-4178-8036-621905E8AF3A}.Release|Any CPU.Build.0 = Release|Any CPU
		{0EF5A0DF-1077-49D6-A497-7F5ADB017E08}.Debug|Any CPU.ActiveCfg = Debug|Any CPU
		{0EF5A0DF-1077-49D6-A497-7F5ADB017E08}.Debug|Any CPU.Build.0 = Debug|Any CPU
		{0EF5A0DF-1077-49D6-A497-7F5ADB017E08}.Release|Any CPU.ActiveCfg = Release|Any CPU
		{0EF5A0DF-1077-49D6-A497-7F5ADB017E08}.Release|Any CPU.Build.0 = Release|Any CPU
		{3EC16F0A-3504-4F8A-9F8F-09F7BC4B67E6}.Debug|Any CPU.ActiveCfg = Debug|Any CPU
		{3EC16F0A-3504-4F8A-9F8F-09F7BC4B67E6}.Debug|Any CPU.Build.0 = Debug|Any CPU
		{3EC16F0A-3504-4F8A-9F8F-09F7BC4B67E6}.Release|Any CPU.ActiveCfg = Release|Any CPU
		{3EC16F0A-3504-4F8A-9F8F-09F7BC4B67E6}.Release|Any CPU.Build.0 = Release|Any CPU
		{88F1D359-0F41-4313-8429-D44834E4DE0F}.Debug|Any CPU.ActiveCfg = Debug|Any CPU
		{88F1D359-0F41-4313-8429-D44834E4DE0F}.Debug|Any CPU.Build.0 = Debug|Any CPU
		{88F1D359-0F41-4313-8429-D44834E4DE0F}.Release|Any CPU.ActiveCfg = Release|Any CPU
		{88F1D359-0F41-4313-8429-D44834E4DE0F}.Release|Any CPU.Build.0 = Release|Any CPU
		{7CB1FDE2-365A-4902-A855-E87E3315C7DF}.Debug|Any CPU.ActiveCfg = Debug|Any CPU
		{7CB1FDE2-365A-4902-A855-E87E3315C7DF}.Debug|Any CPU.Build.0 = Debug|Any CPU
		{7CB1FDE2-365A-4902-A855-E87E3315C7DF}.Release|Any CPU.ActiveCfg = Release|Any CPU
		{7CB1FDE2-365A-4902-A855-E87E3315C7DF}.Release|Any CPU.Build.0 = Release|Any CPU
		{CF9AF31C-1232-439B-971B-BBC68458018D}.Debug|Any CPU.ActiveCfg = Debug|Any CPU
		{CF9AF31C-1232-439B-971B-BBC68458018D}.Debug|Any CPU.Build.0 = Debug|Any CPU
		{CF9AF31C-1232-439B-971B-BBC68458018D}.Release|Any CPU.ActiveCfg = Release|Any CPU
		{CF9AF31C-1232-439B-971B-BBC68458018D}.Release|Any CPU.Build.0 = Release|Any CPU
		{8BA22307-15A7-4ED7-847E-22AA292AF6D6}.Debug|Any CPU.ActiveCfg = Debug|Any CPU
		{8BA22307-15A7-4ED7-847E-22AA292AF6D6}.Debug|Any CPU.Build.0 = Debug|Any CPU
		{8BA22307-15A7-4ED7-847E-22AA292AF6D6}.Release|Any CPU.ActiveCfg = Release|Any CPU
		{8BA22307-15A7-4ED7-847E-22AA292AF6D6}.Release|Any CPU.Build.0 = Release|Any CPU
		{24843441-4464-44D1-B355-34A9E9D2DE5E}.Debug|Any CPU.ActiveCfg = Debug|Any CPU
		{24843441-4464-44D1-B355-34A9E9D2DE5E}.Debug|Any CPU.Build.0 = Debug|Any CPU
		{24843441-4464-44D1-B355-34A9E9D2DE5E}.Release|Any CPU.ActiveCfg = Release|Any CPU
		{24843441-4464-44D1-B355-34A9E9D2DE5E}.Release|Any CPU.Build.0 = Release|Any CPU
		{025F1139-3BBD-4F9A-B26A-62B4017CB01D}.Debug|Any CPU.ActiveCfg = Debug|Any CPU
		{025F1139-3BBD-4F9A-B26A-62B4017CB01D}.Debug|Any CPU.Build.0 = Debug|Any CPU
		{025F1139-3BBD-4F9A-B26A-62B4017CB01D}.Release|Any CPU.ActiveCfg = Release|Any CPU
		{025F1139-3BBD-4F9A-B26A-62B4017CB01D}.Release|Any CPU.Build.0 = Release|Any CPU
		{80F51BA0-4D38-41E7-9E4F-F58FFC3217EB}.Debug|Any CPU.ActiveCfg = Debug|Any CPU
		{80F51BA0-4D38-41E7-9E4F-F58FFC3217EB}.Debug|Any CPU.Build.0 = Debug|Any CPU
		{80F51BA0-4D38-41E7-9E4F-F58FFC3217EB}.Release|Any CPU.ActiveCfg = Release|Any CPU
		{80F51BA0-4D38-41E7-9E4F-F58FFC3217EB}.Release|Any CPU.Build.0 = Release|Any CPU
		{3B8A87FA-FDE3-4813-B936-7957A7BE3781}.Debug|Any CPU.ActiveCfg = Debug|Any CPU
		{3B8A87FA-FDE3-4813-B936-7957A7BE3781}.Debug|Any CPU.Build.0 = Debug|Any CPU
		{3B8A87FA-FDE3-4813-B936-7957A7BE3781}.Release|Any CPU.ActiveCfg = Release|Any CPU
		{3B8A87FA-FDE3-4813-B936-7957A7BE3781}.Release|Any CPU.Build.0 = Release|Any CPU
		{D36FE885-FFD3-46C8-AFB0-5C1392591870}.Debug|Any CPU.ActiveCfg = Debug|Any CPU
		{D36FE885-FFD3-46C8-AFB0-5C1392591870}.Debug|Any CPU.Build.0 = Debug|Any CPU
		{D36FE885-FFD3-46C8-AFB0-5C1392591870}.Release|Any CPU.ActiveCfg = Release|Any CPU
		{D36FE885-FFD3-46C8-AFB0-5C1392591870}.Release|Any CPU.Build.0 = Release|Any CPU
		{B83E40BB-5E1F-4827-B7EE-58280917A035}.Debug|Any CPU.ActiveCfg = Debug|Any CPU
		{B83E40BB-5E1F-4827-B7EE-58280917A035}.Debug|Any CPU.Build.0 = Debug|Any CPU
		{B83E40BB-5E1F-4827-B7EE-58280917A035}.Release|Any CPU.ActiveCfg = Release|Any CPU
		{B83E40BB-5E1F-4827-B7EE-58280917A035}.Release|Any CPU.Build.0 = Release|Any CPU
		{5AA1F9AF-B958-410A-83FD-F929E65B799A}.Debug|Any CPU.ActiveCfg = Debug|Any CPU
		{5AA1F9AF-B958-410A-83FD-F929E65B799A}.Debug|Any CPU.Build.0 = Debug|Any CPU
		{5AA1F9AF-B958-410A-83FD-F929E65B799A}.Release|Any CPU.ActiveCfg = Release|Any CPU
		{5AA1F9AF-B958-410A-83FD-F929E65B799A}.Release|Any CPU.Build.0 = Release|Any CPU
		{FAE5B400-4B5C-4AC5-B33C-EA9CEAA99A98}.Debug|Any CPU.ActiveCfg = Debug|Any CPU
		{FAE5B400-4B5C-4AC5-B33C-EA9CEAA99A98}.Debug|Any CPU.Build.0 = Debug|Any CPU
		{FAE5B400-4B5C-4AC5-B33C-EA9CEAA99A98}.Release|Any CPU.ActiveCfg = Release|Any CPU
		{FAE5B400-4B5C-4AC5-B33C-EA9CEAA99A98}.Release|Any CPU.Build.0 = Release|Any CPU
		{9EACAAA9-A3B2-486C-A01E-CC2EE3EF7A72}.Debug|Any CPU.ActiveCfg = Debug|Any CPU
		{9EACAAA9-A3B2-486C-A01E-CC2EE3EF7A72}.Debug|Any CPU.Build.0 = Debug|Any CPU
		{9EACAAA9-A3B2-486C-A01E-CC2EE3EF7A72}.Release|Any CPU.ActiveCfg = Release|Any CPU
		{9EACAAA9-A3B2-486C-A01E-CC2EE3EF7A72}.Release|Any CPU.Build.0 = Release|Any CPU
		{2F0ECD95-461A-450B-B64C-9AAEBBAE2A42}.Debug|Any CPU.ActiveCfg = Debug|Any CPU
		{2F0ECD95-461A-450B-B64C-9AAEBBAE2A42}.Debug|Any CPU.Build.0 = Debug|Any CPU
		{2F0ECD95-461A-450B-B64C-9AAEBBAE2A42}.Release|Any CPU.ActiveCfg = Release|Any CPU
		{2F0ECD95-461A-450B-B64C-9AAEBBAE2A42}.Release|Any CPU.Build.0 = Release|Any CPU
	EndGlobalSection
	GlobalSection(SolutionProperties) = preSolution
		HideSolutionNode = FALSE
	EndGlobalSection
	GlobalSection(NestedProjects) = preSolution
		{5CB94BBF-6521-4E02-8C8B-E6CD67A1E223} = {2143D3A0-2E79-482E-80D2-B046F6BA43FC}
		{F0819DB5-3923-4C5C-B69E-B4E23812D407} = {F3DB00A8-0120-4A42-B6DE-9566B2DDA9F3}
		{7E99F2DE-E2FE-4E6B-9442-37FAD49D137B} = {F3DB00A8-0120-4A42-B6DE-9566B2DDA9F3}
		{CC4926FF-496A-4178-8036-621905E8AF3A} = {F3DB00A8-0120-4A42-B6DE-9566B2DDA9F3}
		{0EF5A0DF-1077-49D6-A497-7F5ADB017E08} = {F3DB00A8-0120-4A42-B6DE-9566B2DDA9F3}
		{3EC16F0A-3504-4F8A-9F8F-09F7BC4B67E6} = {F3DB00A8-0120-4A42-B6DE-9566B2DDA9F3}
		{88F1D359-0F41-4313-8429-D44834E4DE0F} = {2143D3A0-2E79-482E-80D2-B046F6BA43FC}
		{7CB1FDE2-365A-4902-A855-E87E3315C7DF} = {2143D3A0-2E79-482E-80D2-B046F6BA43FC}
		{CF9AF31C-1232-439B-971B-BBC68458018D} = {2143D3A0-2E79-482E-80D2-B046F6BA43FC}
		{8BA22307-15A7-4ED7-847E-22AA292AF6D6} = {2143D3A0-2E79-482E-80D2-B046F6BA43FC}
		{24843441-4464-44D1-B355-34A9E9D2DE5E} = {2143D3A0-2E79-482E-80D2-B046F6BA43FC}
		{025F1139-3BBD-4F9A-B26A-62B4017CB01D} = {2143D3A0-2E79-482E-80D2-B046F6BA43FC}
		{80F51BA0-4D38-41E7-9E4F-F58FFC3217EB} = {C4793F76-BF37-4032-B0DC-9886651D5798}
		{3B8A87FA-FDE3-4813-B936-7957A7BE3781} = {148187ED-F3C7-43EF-BA73-2A335EFBFD21}
		{D36FE885-FFD3-46C8-AFB0-5C1392591870} = {148187ED-F3C7-43EF-BA73-2A335EFBFD21}
		{B83E40BB-5E1F-4827-B7EE-58280917A035} = {148187ED-F3C7-43EF-BA73-2A335EFBFD21}
		{5AA1F9AF-B958-410A-83FD-F929E65B799A} = {148187ED-F3C7-43EF-BA73-2A335EFBFD21}
		{FAE5B400-4B5C-4AC5-B33C-EA9CEAA99A98} = {2143D3A0-2E79-482E-80D2-B046F6BA43FC}
		{9EACAAA9-A3B2-486C-A01E-CC2EE3EF7A72} = {2143D3A0-2E79-482E-80D2-B046F6BA43FC}
		{2F0ECD95-461A-450B-B64C-9AAEBBAE2A42} = {2143D3A0-2E79-482E-80D2-B046F6BA43FC}
	EndGlobalSection
	GlobalSection(ExtensibilityGlobals) = postSolution
		SolutionGuid = {21B6031B-F372-476F-ADED-275024FB5FF0}
	EndGlobalSection
EndGlobal
